{
  "requires": true,
  "lockfileVersion": 1,
  "dependencies": {
    "now": {
      "version": "11.4.6",
      "resolved": "https://registry.npmjs.org/now/-/now-11.4.6.tgz",
      "integrity": "sha512-5SMS8lVuCzqD55CPQlGcjvOJJJPuDSLoqKIIGR4uEooCbDhHl//dHZmBpT1uLSwT1MYvhYUMf9OpFQRwXG4KEg=="
    }
  }
}
